
Microsoft Visual Studio Solution File, Format Version 12.00
# Visual Studio 15
VisualStudioVersion = 15.0.26124.0
MinimumVisualStudioVersion = 15.0.26124.0
Project("{FAE04EC0-301F-11D3-BF4B-00C04F79EFBC}") = "HangingPostersServices", "HangingPostersServices\HangingPostersServices.csproj", "{2D3465EE-70B3-4BE6-888C-277E804FEBE9}"
EndProject
Project("{FAE04EC0-301F-11D3-BF4B-00C04F79EFBC}") = "HangingPostersServices.Tests", "HangingPostersServices.Tests\HangingPostersServices.Tests.csproj", "{5B5187C7-EB4A-4AA4-82F9-7DA22B149B99}"
EndProject
Global
	GlobalSection(SolutionConfigurationPlatforms) = preSolution
		Debug|Any CPU = Debug|Any CPU
		Debug|x64 = Debug|x64
		Debug|x86 = Debug|x86
		Release|Any CPU = Release|Any CPU
		Release|x64 = Release|x64
		Release|x86 = Release|x86
	EndGlobalSection
	GlobalSection(SolutionProperties) = preSolution
		HideSolutionNode = FALSE
	EndGlobalSection
	GlobalSection(ProjectConfigurationPlatforms) = postSolution
		{2D3465EE-70B3-4BE6-888C-277E804FEBE9}.Debug|Any CPU.ActiveCfg = Debug|Any CPU
		{2D3465EE-70B3-4BE6-888C-277E804FEBE9}.Debug|Any CPU.Build.0 = Debug|Any CPU
		{2D3465EE-70B3-4BE6-888C-277E804FEBE9}.Debug|x64.ActiveCfg = Debug|Any CPU
		{2D3465EE-70B3-4BE6-888C-277E804FEBE9}.Debug|x64.Build.0 = Debug|Any CPU
		{2D3465EE-70B3-4BE6-888C-277E804FEBE9}.Debug|x86.ActiveCfg = Debug|Any CPU
		{2D3465EE-70B3-4BE6-888C-277E804FEBE9}.Debug|x86.Build.0 = Debug|Any CPU
		{2D3465EE-70B3-4BE6-888C-277E804FEBE9}.Release|Any CPU.ActiveCfg = Release|Any CPU
		{2D3465EE-70B3-4BE6-888C-277E804FEBE9}.Release|Any CPU.Build.0 = Release|Any CPU
		{2D3465EE-70B3-4BE6-888C-277E804FEBE9}.Release|x64.ActiveCfg = Release|Any CPU
		{2D3465EE-70B3-4BE6-888C-277E804FEBE9}.Release|x64.Build.0 = Release|Any CPU
		{2D3465EE-70B3-4BE6-888C-277E804FEBE9}.Release|x86.ActiveCfg = Release|Any CPU
		{2D3465EE-70B3-4BE6-888C-277E804FEBE9}.Release|x86.Build.0 = Release|Any CPU
		{5B5187C7-EB4A-4AA4-82F9-7DA22B149B99}.Debug|Any CPU.ActiveCfg = Debug|Any CPU
		{5B5187C7-EB4A-4AA4-82F9-7DA22B149B99}.Debug|Any CPU.Build.0 = Debug|Any CPU
		{5B5187C7-EB4A-4AA4-82F9-7DA22B149B99}.Debug|x64.ActiveCfg = Debug|Any CPU
		{5B5187C7-EB4A-4AA4-82F9-7DA22B149B99}.Debug|x64.Build.0 = Debug|Any CPU
		{5B5187C7-EB4A-4AA4-82F9-7DA22B149B99}.Debug|x86.ActiveCfg = Debug|Any CPU
		{5B5187C7-EB4A-4AA4-82F9-7DA22B149B99}.Debug|x86.Build.0 = Debug|Any CPU
		{5B5187C7-EB4A-4AA4-82F9-7DA22B149B99}.Release|Any CPU.ActiveCfg = Release|Any CPU
		{5B5187C7-EB4A-4AA4-82F9-7DA22B149B99}.Release|Any CPU.Build.0 = Release|Any CPU
		{5B5187C7-EB4A-4AA4-82F9-7DA22B149B99}.Release|x64.ActiveCfg = Release|Any CPU
		{5B5187C7-EB4A-4AA4-82F9-7DA22B149B99}.Release|x64.Build.0 = Release|Any CPU
		{5B5187C7-EB4A-4AA4-82F9-7DA22B149B99}.Release|x86.ActiveCfg = Release|Any CPU
		{5B5187C7-EB4A-4AA4-82F9-7DA22B149B99}.Release|x86.Build.0 = Release|Any CPU
	EndGlobalSection
EndGlobal
