
Microsoft Visual Studio Solution File, Format Version 12.00
# Visual Studio 15
VisualStudioVersion = 15.0.26124.0
MinimumVisualStudioVersion = 15.0.26124.0
Project("{FAE04EC0-301F-11D3-BF4B-00C04F79EFBC}") = "SaveTheQueenServices", "SaveTheQueenServices\SaveTheQueenServices.csproj", "{E9BB1ACC-75E1-46CC-B398-AEF7CC6E3B0C}"
EndProject
Project("{FAE04EC0-301F-11D3-BF4B-00C04F79EFBC}") = "SaveTheQueenServices.Tests", "SaveTheQueenServices.Tests\SaveTheQueenServices.Tests.csproj", "{9C402774-DA23-4A74-B91B-A35BB2BC2C5E}"
EndProject
Global
	GlobalSection(SolutionConfigurationPlatforms) = preSolution
		Debug|Any CPU = Debug|Any CPU
		Debug|x64 = Debug|x64
		Debug|x86 = Debug|x86
		Release|Any CPU = Release|Any CPU
		Release|x64 = Release|x64
		Release|x86 = Release|x86
	EndGlobalSection
	GlobalSection(SolutionProperties) = preSolution
		HideSolutionNode = FALSE
	EndGlobalSection
	GlobalSection(ProjectConfigurationPlatforms) = postSolution
		{E9BB1ACC-75E1-46CC-B398-AEF7CC6E3B0C}.Debug|Any CPU.ActiveCfg = Debug|Any CPU
		{E9BB1ACC-75E1-46CC-B398-AEF7CC6E3B0C}.Debug|Any CPU.Build.0 = Debug|Any CPU
		{E9BB1ACC-75E1-46CC-B398-AEF7CC6E3B0C}.Debug|x64.ActiveCfg = Debug|Any CPU
		{E9BB1ACC-75E1-46CC-B398-AEF7CC6E3B0C}.Debug|x64.Build.0 = Debug|Any CPU
		{E9BB1ACC-75E1-46CC-B398-AEF7CC6E3B0C}.Debug|x86.ActiveCfg = Debug|Any CPU
		{E9BB1ACC-75E1-46CC-B398-AEF7CC6E3B0C}.Debug|x86.Build.0 = Debug|Any CPU
		{E9BB1ACC-75E1-46CC-B398-AEF7CC6E3B0C}.Release|Any CPU.ActiveCfg = Release|Any CPU
		{E9BB1ACC-75E1-46CC-B398-AEF7CC6E3B0C}.Release|Any CPU.Build.0 = Release|Any CPU
		{E9BB1ACC-75E1-46CC-B398-AEF7CC6E3B0C}.Release|x64.ActiveCfg = Release|Any CPU
		{E9BB1ACC-75E1-46CC-B398-AEF7CC6E3B0C}.Release|x64.Build.0 = Release|Any CPU
		{E9BB1ACC-75E1-46CC-B398-AEF7CC6E3B0C}.Release|x86.ActiveCfg = Release|Any CPU
		{E9BB1ACC-75E1-46CC-B398-AEF7CC6E3B0C}.Release|x86.Build.0 = Release|Any CPU
		{9C402774-DA23-4A74-B91B-A35BB2BC2C5E}.Debug|Any CPU.ActiveCfg = Debug|Any CPU
		{9C402774-DA23-4A74-B91B-A35BB2BC2C5E}.Debug|Any CPU.Build.0 = Debug|Any CPU
		{9C402774-DA23-4A74-B91B-A35BB2BC2C5E}.Debug|x64.ActiveCfg = Debug|Any CPU
		{9C402774-DA23-4A74-B91B-A35BB2BC2C5E}.Debug|x64.Build.0 = Debug|Any CPU
		{9C402774-DA23-4A74-B91B-A35BB2BC2C5E}.Debug|x86.ActiveCfg = Debug|Any CPU
		{9C402774-DA23-4A74-B91B-A35BB2BC2C5E}.Debug|x86.Build.0 = Debug|Any CPU
		{9C402774-DA23-4A74-B91B-A35BB2BC2C5E}.Release|Any CPU.ActiveCfg = Release|Any CPU
		{9C402774-DA23-4A74-B91B-A35BB2BC2C5E}.Release|Any CPU.Build.0 = Release|Any CPU
		{9C402774-DA23-4A74-B91B-A35BB2BC2C5E}.Release|x64.ActiveCfg = Release|Any CPU
		{9C402774-DA23-4A74-B91B-A35BB2BC2C5E}.Release|x64.Build.0 = Release|Any CPU
		{9C402774-DA23-4A74-B91B-A35BB2BC2C5E}.Release|x86.ActiveCfg = Release|Any CPU
		{9C402774-DA23-4A74-B91B-A35BB2BC2C5E}.Release|x86.Build.0 = Release|Any CPU
	EndGlobalSection
EndGlobal
