
Microsoft Visual Studio Solution File, Format Version 12.00
# Visual Studio 15
VisualStudioVersion = 15.0.26124.0
MinimumVisualStudioVersion = 15.0.26124.0
Project("{FAE04EC0-301F-11D3-BF4B-00C04F79EFBC}") = "MigratoryBirdsServices.Tests", "MigratoryBirdsServices.Tests\MigratoryBirdsServices.Tests.csproj", "{84C3E876-CA26-4642-ABCE-C8C8190EC32C}"
EndProject
Project("{FAE04EC0-301F-11D3-BF4B-00C04F79EFBC}") = "MigratoryBirdsServices", "MigratoryBirdsServices\MigratoryBirdsServices.csproj", "{29FBB4C4-75DA-4318-84A9-A530182BBFB0}"
EndProject
Global
	GlobalSection(SolutionConfigurationPlatforms) = preSolution
		Debug|Any CPU = Debug|Any CPU
		Debug|x64 = Debug|x64
		Debug|x86 = Debug|x86
		Release|Any CPU = Release|Any CPU
		Release|x64 = Release|x64
		Release|x86 = Release|x86
	EndGlobalSection
	GlobalSection(SolutionProperties) = preSolution
		HideSolutionNode = FALSE
	EndGlobalSection
	GlobalSection(ProjectConfigurationPlatforms) = postSolution
		{84C3E876-CA26-4642-ABCE-C8C8190EC32C}.Debug|Any CPU.ActiveCfg = Debug|Any CPU
		{84C3E876-CA26-4642-ABCE-C8C8190EC32C}.Debug|Any CPU.Build.0 = Debug|Any CPU
		{84C3E876-CA26-4642-ABCE-C8C8190EC32C}.Debug|x64.ActiveCfg = Debug|Any CPU
		{84C3E876-CA26-4642-ABCE-C8C8190EC32C}.Debug|x64.Build.0 = Debug|Any CPU
		{84C3E876-CA26-4642-ABCE-C8C8190EC32C}.Debug|x86.ActiveCfg = Debug|Any CPU
		{84C3E876-CA26-4642-ABCE-C8C8190EC32C}.Debug|x86.Build.0 = Debug|Any CPU
		{84C3E876-CA26-4642-ABCE-C8C8190EC32C}.Release|Any CPU.ActiveCfg = Release|Any CPU
		{84C3E876-CA26-4642-ABCE-C8C8190EC32C}.Release|Any CPU.Build.0 = Release|Any CPU
		{84C3E876-CA26-4642-ABCE-C8C8190EC32C}.Release|x64.ActiveCfg = Release|Any CPU
		{84C3E876-CA26-4642-ABCE-C8C8190EC32C}.Release|x64.Build.0 = Release|Any CPU
		{84C3E876-CA26-4642-ABCE-C8C8190EC32C}.Release|x86.ActiveCfg = Release|Any CPU
		{84C3E876-CA26-4642-ABCE-C8C8190EC32C}.Release|x86.Build.0 = Release|Any CPU
		{29FBB4C4-75DA-4318-84A9-A530182BBFB0}.Debug|Any CPU.ActiveCfg = Debug|Any CPU
		{29FBB4C4-75DA-4318-84A9-A530182BBFB0}.Debug|Any CPU.Build.0 = Debug|Any CPU
		{29FBB4C4-75DA-4318-84A9-A530182BBFB0}.Debug|x64.ActiveCfg = Debug|Any CPU
		{29FBB4C4-75DA-4318-84A9-A530182BBFB0}.Debug|x64.Build.0 = Debug|Any CPU
		{29FBB4C4-75DA-4318-84A9-A530182BBFB0}.Debug|x86.ActiveCfg = Debug|Any CPU
		{29FBB4C4-75DA-4318-84A9-A530182BBFB0}.Debug|x86.Build.0 = Debug|Any CPU
		{29FBB4C4-75DA-4318-84A9-A530182BBFB0}.Release|Any CPU.ActiveCfg = Release|Any CPU
		{29FBB4C4-75DA-4318-84A9-A530182BBFB0}.Release|Any CPU.Build.0 = Release|Any CPU
		{29FBB4C4-75DA-4318-84A9-A530182BBFB0}.Release|x64.ActiveCfg = Release|Any CPU
		{29FBB4C4-75DA-4318-84A9-A530182BBFB0}.Release|x64.Build.0 = Release|Any CPU
		{29FBB4C4-75DA-4318-84A9-A530182BBFB0}.Release|x86.ActiveCfg = Release|Any CPU
		{29FBB4C4-75DA-4318-84A9-A530182BBFB0}.Release|x86.Build.0 = Release|Any CPU
	EndGlobalSection
EndGlobal
